
Microsoft Visual Studio Solution File, Format Version 12.00
# Visual Studio Version 17
VisualStudioVersion = 17.5.33530.505
MinimumVisualStudioVersion = 10.0.40219.1
Project("{9A19103F-16F7-4668-BE54-9A1E7A4F7556}") = "EmpApp", "EmpApp\EmpApp.csproj", "{9408E20C-4A59-4DD3-BBD0-76B048774FBA}"
EndProject
Project("{FAE04EC0-301F-11D3-BF4B-00C04F79EFBC}") = "EmpApp.Core", "EmpApp.Core\EmpApp.Core.csproj", "{5A89441A-33FC-475D-984F-6656CD2D7E4B}"
EndProject
Project("{FAE04EC0-301F-11D3-BF4B-00C04F79EFBC}") = "EmpApp.Data", "EmpApp.Data\EmpApp.Data.csproj", "{FF88E942-1627-4EF4-B26D-A2FF9E904FE1}"
EndProject
Global
	GlobalSection(SolutionConfigurationPlatforms) = preSolution
		Debug|Any CPU = Debug|Any CPU
		Release|Any CPU = Release|Any CPU
	EndGlobalSection
	GlobalSection(ProjectConfigurationPlatforms) = postSolution
		{9408E20C-4A59-4DD3-BBD0-76B048774FBA}.Debug|Any CPU.ActiveCfg = Debug|Any CPU
		{9408E20C-4A59-4DD3-BBD0-76B048774FBA}.Debug|Any CPU.Build.0 = Debug|Any CPU
		{9408E20C-4A59-4DD3-BBD0-76B048774FBA}.Release|Any CPU.ActiveCfg = Release|Any CPU
		{9408E20C-4A59-4DD3-BBD0-76B048774FBA}.Release|Any CPU.Build.0 = Release|Any CPU
		{5A89441A-33FC-475D-984F-6656CD2D7E4B}.Debug|Any CPU.ActiveCfg = Debug|Any CPU
		{5A89441A-33FC-475D-984F-6656CD2D7E4B}.Debug|Any CPU.Build.0 = Debug|Any CPU
		{5A89441A-33FC-475D-984F-6656CD2D7E4B}.Release|Any CPU.ActiveCfg = Release|Any CPU
		{5A89441A-33FC-475D-984F-6656CD2D7E4B}.Release|Any CPU.Build.0 = Release|Any CPU
		{FF88E942-1627-4EF4-B26D-A2FF9E904FE1}.Debug|Any CPU.ActiveCfg = Debug|Any CPU
		{FF88E942-1627-4EF4-B26D-A2FF9E904FE1}.Debug|Any CPU.Build.0 = Debug|Any CPU
		{FF88E942-1627-4EF4-B26D-A2FF9E904FE1}.Release|Any CPU.ActiveCfg = Release|Any CPU
		{FF88E942-1627-4EF4-B26D-A2FF9E904FE1}.Release|Any CPU.Build.0 = Release|Any CPU
	EndGlobalSection
	GlobalSection(SolutionProperties) = preSolution
		HideSolutionNode = FALSE
	EndGlobalSection
	GlobalSection(ExtensibilityGlobals) = postSolution
		SolutionGuid = {8E14EE5C-658E-4C88-B2C3-400A81055F3B}
	EndGlobalSection
EndGlobal
